[tools."aqua:golangci/golangci-lint"]
version = "1.64.5"
backend = "aqua:golangci/golangci-lint"

[tools.go]
version = "1.24.0"
backend = "core:go"

[tools."ubi:abhinav/doc2go"]
version = "0.8.1"
backend = "ubi:abhinav/doc2go"

[tools."ubi:abhinav/doc2go".checksums]
doc2go-macos-aarch64 = "sha256:1ded7e126bdaee48c15895b88e1042c5265cb9a45ec78911283d35e716b0d30a"

[tools."ubi:miniscruff/changie"]
version = "1.21.1"
backend = "ubi:miniscruff/changie"

[tools."ubi:miniscruff/changie".checksums]
changie-macos-aarch64 = "sha256:ba96af8671521031d58190cd62e0b356da43f627b2d10414cb51905a6fed172c"
